
Microsoft Visual Studio Solution File, Format Version 12.00
# Visual Studio 14
VisualStudioVersion = 14.0.25420.1
MinimumVisualStudioVersion = 10.0.40219.1
Project("{FAE04EC0-301F-11D3-BF4B-00C04F79EFBC}") = "Repository.DAL", "Repository.DAL\Repository.DAL.csproj", "{59F587E4-7E47-4726-9197-850B9B439F51}"
EndProject
Project("{FAE04EC0-301F-11D3-BF4B-00C04F79EFBC}") = "Repository.Entities", "Repository.Entities\Repository.Entities.csproj", "{D5E9D7BF-5B7F-4DB1-8FAC-FB5C79A696A1}"
EndProject
Global
	GlobalSection(SolutionConfigurationPlatforms) = preSolution
		Debug|Any CPU = Debug|Any CPU
		Release|Any CPU = Release|Any CPU
	EndGlobalSection
	GlobalSection(ProjectConfigurationPlatforms) = postSolution
		{59F587E4-7E47-4726-9197-850B9B439F51}.Debug|Any CPU.ActiveCfg = Debug|Any CPU
		{59F587E4-7E47-4726-9197-850B9B439F51}.Debug|Any CPU.Build.0 = Debug|Any CPU
		{59F587E4-7E47-4726-9197-850B9B439F51}.Release|Any CPU.ActiveCfg = Release|Any CPU
		{59F587E4-7E47-4726-9197-850B9B439F51}.Release|Any CPU.Build.0 = Release|Any CPU
		{D5E9D7BF-5B7F-4DB1-8FAC-FB5C79A696A1}.Debug|Any CPU.ActiveCfg = Debug|Any CPU
		{D5E9D7BF-5B7F-4DB1-8FAC-FB5C79A696A1}.Debug|Any CPU.Build.0 = Debug|Any CPU
		{D5E9D7BF-5B7F-4DB1-8FAC-FB5C79A696A1}.Release|Any CPU.ActiveCfg = Release|Any CPU
		{D5E9D7BF-5B7F-4DB1-8FAC-FB5C79A696A1}.Release|Any CPU.Build.0 = Release|Any CPU
	EndGlobalSection
	GlobalSection(SolutionProperties) = preSolution
		HideSolutionNode = FALSE
	EndGlobalSection
EndGlobal
